{
  "name": "js",
  "lockfileVersion": 3,
  "requires": true,
  "packages": {
    "": {
      "dependencies": {
        "feelin": "^4.3.0"
      }
    },
    "node_modules/@lezer/common": {
      "version": "1.2.3",
      "resolved": "https://registry.npmjs.org/@lezer/common/-/common-1.2.3.tgz",
      "integrity": "sha512-w7ojc8ejBqr2REPsWxJjrMFsA/ysDCFICn8zEOR9mrqzOu2amhITYuLD8ag6XZf0CFXDrhKqw7+tW8cX66NaDA=="
    },
    "node_modules/@lezer/highlight": {
      "version": "1.2.1",
      "resolved": "https://registry.npmjs.org/@lezer/highlight/-/highlight-1.2.1.tgz",
      "integrity": "sha512-Z5duk4RN/3zuVO7Jq0pGLJ3qynpxUVsh7IbUbGj88+uV2ApSAn6kWg2au3iJb+0Zi7kKtqffIESgNcRXWZWmSA==",
      "dependencies": {
        "@lezer/common": "^1.0.0"
      }
    },
    "node_modules/@lezer/lr": {
      "version": "1.4.2",
      "resolved": "https://registry.npmjs.org/@lezer/lr/-/lr-1.4.2.tgz",
      "integrity": "sha512-pu0K1jCIdnQ12aWNaAVU5bzi7Bd1w54J3ECgANPmYLtQKP0HBj2cE/5coBD66MT10xbtIuUr7tg0Shbsvk0mDA==",
      "dependencies": {
        "@lezer/common": "^1.0.0"
      }
    },
    "node_modules/feelin": {
      "version": "4.3.0",
      "resolved": "https://registry.npmjs.org/feelin/-/feelin-4.3.0.tgz",
      "integrity": "sha512-Uv3YNCrmXSXgkCJSfa2jR7SL/acjPhfEHKNsaL///fRJxD7epUvUJyF1WXbh8oh9Myv+z3WVClGb+rIuT7LDow==",
      "dependencies": {
        "@lezer/lr": "^1.4.2",
        "lezer-feel": "^1.6.0",
        "luxon": "^3.5.0"
      },
      "engines": {
        "node": "*"
      }
    },
    "node_modules/lezer-feel": {
      "version": "1.7.0",
      "resolved": "https://registry.npmjs.org/lezer-feel/-/lezer-feel-1.7.0.tgz",
      "integrity": "sha512-UC8h3Nu4llRPISEUhv+Ne7bNkdxjf4+/DcU4KfO8zKxycWxev8d2BoVnGlG17zbQDtQJBD39ZQvWtjCeTFm69g==",
      "dependencies": {
        "@lezer/highlight": "^1.2.1",
        "@lezer/lr": "^1.4.2",
        "min-dash": "^4.2.1"
      },
      "engines": {
        "node": "*"
      }
    },
    "node_modules/luxon": {
      "version": "3.6.0",
      "resolved": "https://registry.npmjs.org/luxon/-/luxon-3.6.0.tgz",
      "integrity": "sha512-WE7p0p7W1xji9qxkLYsvcIxZyfP48GuFrWIBQZIsbjCyf65dG1rv4n83HcOyEyhvzxJCrUoObCRNFgRNIQ5KNA==",
      "engines": {
        "node": ">=12"
      }
    },
    "node_modules/min-dash": {
      "version": "4.2.3",
      "resolved": "https://registry.npmjs.org/min-dash/-/min-dash-4.2.3.tgz",
      "integrity": "sha512-VLMYQI5+FcD9Ad24VcB08uA83B07OhueAlZ88jBK6PyupTvEJwllTMUqMy0wPGYs7pZUEtEEMWdHB63m3LtEcg=="
    }
  }
}
